
Microsoft Visual Studio Solution File, Format Version 12.00
# Visual Studio Version 16
VisualStudioVersion = 16.0.30517.126
MinimumVisualStudioVersion = 10.0.40219.1
Project("{F184B08F-C81C-45F6-A57F-5ABD9991F28F}") = "W3bstract", "W3bstract\W3bstract.vbproj", "{B46080D0-CFAD-4D6A-B964-86B0858E742C}"
	ProjectSection(ProjectDependencies) = postProject
		{344759B9-71C9-4FDB-AAD3-24792DA175DB} = {344759B9-71C9-4FDB-AAD3-24792DA175DB}
	EndProjectSection
EndProject
Project("{2150E333-8FDC-42A3-9474-1A3956D46DE8}") = "Solution Items", "Solution Items", "{D9FCF16E-9426-40D2-A4DE-9DBDD30572BF}"
	ProjectSection(SolutionItems) = preProject
		..\Pack-W3bstract.AmbientDataFlow.bat = ..\Pack-W3bstract.AmbientDataFlow.bat
		..\Pack-W3bstract.bat = ..\Pack-W3bstract.bat
		..\Pack-W3bstract.CefAdapter.bat = ..\Pack-W3bstract.CefAdapter.bat
		..\Pack-W3bstract.HttpServer.bat = ..\Pack-W3bstract.HttpServer.bat
		..\Pack-W3bstract.WebServiceConnector.bat = ..\Pack-W3bstract.WebServiceConnector.bat
		..\Pack-W3bstract.WebServiceDTOs.bat = ..\Pack-W3bstract.WebServiceDTOs.bat
		..\Pack-W3bstract.WebServiceFacade.bat = ..\Pack-W3bstract.WebServiceFacade.bat
		..\W3bstract.AmbientDataFlow.nuspec = ..\W3bstract.AmbientDataFlow.nuspec
		..\W3bstract.CefAdapter.nuspec = ..\W3bstract.CefAdapter.nuspec
		..\W3bstract.HttpServer.nuspec = ..\W3bstract.HttpServer.nuspec
		..\W3bstract.nuspec = ..\W3bstract.nuspec
		..\W3bstract.WebServiceConnector.nuspec = ..\W3bstract.WebServiceConnector.nuspec
		..\W3bstract.WebServiceDTOs.nuspec = ..\W3bstract.WebServiceDTOs.nuspec
		..\W3bstract.WebServiceFacade.nuspec = ..\W3bstract.WebServiceFacade.nuspec
	EndProjectSection
EndProject
Project("{F184B08F-C81C-45F6-A57F-5ABD9991F28F}") = "W3bstract.HttpServer", "W3bstract.HttpServer\W3bstract.HttpServer.vbproj", "{E6460783-692D-45EE-B35B-AFED70E892A9}"
	ProjectSection(ProjectDependencies) = postProject
		{344759B9-71C9-4FDB-AAD3-24792DA175DB} = {344759B9-71C9-4FDB-AAD3-24792DA175DB}
		{B46080D0-CFAD-4D6A-B964-86B0858E742C} = {B46080D0-CFAD-4D6A-B964-86B0858E742C}
	EndProjectSection
EndProject
Project("{F184B08F-C81C-45F6-A57F-5ABD9991F28F}") = "W3bstract.CefAdapter", "W3bstract.CefAdapter\W3bstract.CefAdapter.vbproj", "{FCCC927D-5BB6-4C7A-AB0F-5A2DE1551829}"
	ProjectSection(ProjectDependencies) = postProject
		{344759B9-71C9-4FDB-AAD3-24792DA175DB} = {344759B9-71C9-4FDB-AAD3-24792DA175DB}
		{B46080D0-CFAD-4D6A-B964-86B0858E742C} = {B46080D0-CFAD-4D6A-B964-86B0858E742C}
	EndProjectSection
EndProject
Project("{F184B08F-C81C-45F6-A57F-5ABD9991F28F}") = "W3bstract.WebServiceFacade", "W3bstract.WebServiceFacade\W3bstract.WebServiceFacade.vbproj", "{0FA42475-8E6C-440F-A3A8-C58A26E8F291}"
	ProjectSection(ProjectDependencies) = postProject
		{344759B9-71C9-4FDB-AAD3-24792DA175DB} = {344759B9-71C9-4FDB-AAD3-24792DA175DB}
		{B46080D0-CFAD-4D6A-B964-86B0858E742C} = {B46080D0-CFAD-4D6A-B964-86B0858E742C}
		{97443FD3-2F3C-4976-A415-20963CF0FEAF} = {97443FD3-2F3C-4976-A415-20963CF0FEAF}
	EndProjectSection
EndProject
Project("{2150E333-8FDC-42A3-9474-1A3956D46DE8}") = "Demo", "Demo", "{5F180495-79AC-45A8-B22F-21A130A41A90}"
EndProject
Project("{F184B08F-C81C-45F6-A57F-5ABD9991F28F}") = "W3bstract.DemoApp.ViaAspNet", "W3bstract.DemoApp.ViaAspNet\W3bstract.DemoApp.ViaAspNet.vbproj", "{901901D1-16DA-4695-9FD4-E8839DB30203}"
	ProjectSection(ProjectDependencies) = postProject
		{02A6DF02-B077-4AB3-8741-CED5CBD7D53B} = {02A6DF02-B077-4AB3-8741-CED5CBD7D53B}
		{0FA42475-8E6C-440F-A3A8-C58A26E8F291} = {0FA42475-8E6C-440F-A3A8-C58A26E8F291}
		{94114FB4-458F-4B4E-80FB-149DC4BF9CE0} = {94114FB4-458F-4B4E-80FB-149DC4BF9CE0}
		{344759B9-71C9-4FDB-AAD3-24792DA175DB} = {344759B9-71C9-4FDB-AAD3-24792DA175DB}
		{24F2FABC-FEBF-4F94-988F-9A856DADEC1A} = {24F2FABC-FEBF-4F94-988F-9A856DADEC1A}
		{B46080D0-CFAD-4D6A-B964-86B0858E742C} = {B46080D0-CFAD-4D6A-B964-86B0858E742C}
		{97443FD3-2F3C-4976-A415-20963CF0FEAF} = {97443FD3-2F3C-4976-A415-20963CF0FEAF}
	EndProjectSection
EndProject
Project("{F184B08F-C81C-45F6-A57F-5ABD9991F28F}") = "W3bstract.DemoApp.ViaCefContainer", "W3bstract.DemoApp.ViaCefContainer\W3bstract.DemoApp.ViaCefContainer.vbproj", "{C0B028BF-39F8-4930-A4EA-5001946C362B}"
	ProjectSection(ProjectDependencies) = postProject
		{344759B9-71C9-4FDB-AAD3-24792DA175DB} = {344759B9-71C9-4FDB-AAD3-24792DA175DB}
		{24F2FABC-FEBF-4F94-988F-9A856DADEC1A} = {24F2FABC-FEBF-4F94-988F-9A856DADEC1A}
	EndProjectSection
EndProject
Project("{F184B08F-C81C-45F6-A57F-5ABD9991F28F}") = "W3bstract.DemoApp.ViaHttpServer", "W3bstract.DemoApp.ViaHttpServer\W3bstract.DemoApp.ViaHttpServer.vbproj", "{80FFAF27-6123-47C3-AE21-127B1792D58D}"
	ProjectSection(ProjectDependencies) = postProject
		{02A6DF02-B077-4AB3-8741-CED5CBD7D53B} = {02A6DF02-B077-4AB3-8741-CED5CBD7D53B}
		{B32DDB6B-E503-49FE-A93B-0249C3147BF2} = {B32DDB6B-E503-49FE-A93B-0249C3147BF2}
		{0FA42475-8E6C-440F-A3A8-C58A26E8F291} = {0FA42475-8E6C-440F-A3A8-C58A26E8F291}
		{E6460783-692D-45EE-B35B-AFED70E892A9} = {E6460783-692D-45EE-B35B-AFED70E892A9}
		{94114FB4-458F-4B4E-80FB-149DC4BF9CE0} = {94114FB4-458F-4B4E-80FB-149DC4BF9CE0}
		{344759B9-71C9-4FDB-AAD3-24792DA175DB} = {344759B9-71C9-4FDB-AAD3-24792DA175DB}
		{24F2FABC-FEBF-4F94-988F-9A856DADEC1A} = {24F2FABC-FEBF-4F94-988F-9A856DADEC1A}
		{B46080D0-CFAD-4D6A-B964-86B0858E742C} = {B46080D0-CFAD-4D6A-B964-86B0858E742C}
		{97443FD3-2F3C-4976-A415-20963CF0FEAF} = {97443FD3-2F3C-4976-A415-20963CF0FEAF}
	EndProjectSection
EndProject
Project("{F184B08F-C81C-45F6-A57F-5ABD9991F28F}") = "W3bstract.DemoApp.SpaBundle", "W3bstract.DemoApp.AngularSpaBundle\W3bstract.DemoApp.SpaBundle.vbproj", "{02A6DF02-B077-4AB3-8741-CED5CBD7D53B}"
	ProjectSection(ProjectDependencies) = postProject
		{344759B9-71C9-4FDB-AAD3-24792DA175DB} = {344759B9-71C9-4FDB-AAD3-24792DA175DB}
		{B46080D0-CFAD-4D6A-B964-86B0858E742C} = {B46080D0-CFAD-4D6A-B964-86B0858E742C}
	EndProjectSection
EndProject
Project("{2150E333-8FDC-42A3-9474-1A3956D46DE8}") = "Hosts", "Hosts", "{096DD8EB-7390-4263-B350-959266429AE8}"
EndProject
Project("{2150E333-8FDC-42A3-9474-1A3956D46DE8}") = "Bundles", "Bundles", "{7B9738D6-6320-49BD-B8FE-D18C3FA04738}"
EndProject
Project("{F184B08F-C81C-45F6-A57F-5ABD9991F28F}") = "W3bstract.DemoApp.BackendApi", "W3bstract.DemoApp.BackendApi\W3bstract.DemoApp.BackendApi.vbproj", "{94114FB4-458F-4B4E-80FB-149DC4BF9CE0}"
	ProjectSection(ProjectDependencies) = postProject
		{0FA42475-8E6C-440F-A3A8-C58A26E8F291} = {0FA42475-8E6C-440F-A3A8-C58A26E8F291}
		{344759B9-71C9-4FDB-AAD3-24792DA175DB} = {344759B9-71C9-4FDB-AAD3-24792DA175DB}
		{24F2FABC-FEBF-4F94-988F-9A856DADEC1A} = {24F2FABC-FEBF-4F94-988F-9A856DADEC1A}
		{B46080D0-CFAD-4D6A-B964-86B0858E742C} = {B46080D0-CFAD-4D6A-B964-86B0858E742C}
		{97443FD3-2F3C-4976-A415-20963CF0FEAF} = {97443FD3-2F3C-4976-A415-20963CF0FEAF}
	EndProjectSection
EndProject
Project("{F184B08F-C81C-45F6-A57F-5ABD9991F28F}") = "W3bstract.DemoApp.NetApiConnector", "W3bstract.DemoApp.NetApiConnector\W3bstract.DemoApp.NetApiConnector.vbproj", "{474B2809-E15A-4559-AB62-7658C157E9D0}"
	ProjectSection(ProjectDependencies) = postProject
		{B32DDB6B-E503-49FE-A93B-0249C3147BF2} = {B32DDB6B-E503-49FE-A93B-0249C3147BF2}
		{344759B9-71C9-4FDB-AAD3-24792DA175DB} = {344759B9-71C9-4FDB-AAD3-24792DA175DB}
		{24F2FABC-FEBF-4F94-988F-9A856DADEC1A} = {24F2FABC-FEBF-4F94-988F-9A856DADEC1A}
		{97443FD3-2F3C-4976-A415-20963CF0FEAF} = {97443FD3-2F3C-4976-A415-20963CF0FEAF}
	EndProjectSection
EndProject
Project("{F184B08F-C81C-45F6-A57F-5ABD9991F28F}") = "W3bstract.WebServiceDTOs", "W3bstract.WebServiceDTOs\W3bstract.WebServiceDTOs.vbproj", "{97443FD3-2F3C-4976-A415-20963CF0FEAF}"
	ProjectSection(ProjectDependencies) = postProject
		{344759B9-71C9-4FDB-AAD3-24792DA175DB} = {344759B9-71C9-4FDB-AAD3-24792DA175DB}
	EndProjectSection
EndProject
Project("{F184B08F-C81C-45F6-A57F-5ABD9991F28F}") = "W3bstract.WebServiceConnector", "W3bstract.WebServiceConnector\W3bstract.WebServiceConnector.vbproj", "{B32DDB6B-E503-49FE-A93B-0249C3147BF2}"
	ProjectSection(ProjectDependencies) = postProject
		{344759B9-71C9-4FDB-AAD3-24792DA175DB} = {344759B9-71C9-4FDB-AAD3-24792DA175DB}
		{97443FD3-2F3C-4976-A415-20963CF0FEAF} = {97443FD3-2F3C-4976-A415-20963CF0FEAF}
	EndProjectSection
EndProject
Project("{F184B08F-C81C-45F6-A57F-5ABD9991F28F}") = "W3bstract.DemoApp.BackendApi.Contract", "W3bstract.DemoApp.BackendApi.Contract\W3bstract.DemoApp.BackendApi.Contract.vbproj", "{24F2FABC-FEBF-4F94-988F-9A856DADEC1A}"
	ProjectSection(ProjectDependencies) = postProject
		{344759B9-71C9-4FDB-AAD3-24792DA175DB} = {344759B9-71C9-4FDB-AAD3-24792DA175DB}
	EndProjectSection
EndProject
Project("{F184B08F-C81C-45F6-A57F-5ABD9991F28F}") = "(VendorImport)", "(VendorImport)\(VendorImport).vbproj", "{344759B9-71C9-4FDB-AAD3-24792DA175DB}"
EndProject
Project("{F184B08F-C81C-45F6-A57F-5ABD9991F28F}") = "W3bstract.AmbientDataFlow", "W3bstract.AmbientDataFlow\W3bstract.AmbientDataFlow.vbproj", "{9526C4AD-2503-4A8C-979B-E56C60F096D1}"
	ProjectSection(ProjectDependencies) = postProject
		{344759B9-71C9-4FDB-AAD3-24792DA175DB} = {344759B9-71C9-4FDB-AAD3-24792DA175DB}
		{B46080D0-CFAD-4D6A-B964-86B0858E742C} = {B46080D0-CFAD-4D6A-B964-86B0858E742C}
		{97443FD3-2F3C-4976-A415-20963CF0FEAF} = {97443FD3-2F3C-4976-A415-20963CF0FEAF}
	EndProjectSection
EndProject
Project("{F184B08F-C81C-45F6-A57F-5ABD9991F28F}") = "W3bstract.UnitTests", "W3bstract.UnitTests\W3bstract.UnitTests.vbproj", "{C3A1D0BA-1610-4ABA-94AC-C270D6A6C7BB}"
	ProjectSection(ProjectDependencies) = postProject
		{B32DDB6B-E503-49FE-A93B-0249C3147BF2} = {B32DDB6B-E503-49FE-A93B-0249C3147BF2}
		{0FA42475-8E6C-440F-A3A8-C58A26E8F291} = {0FA42475-8E6C-440F-A3A8-C58A26E8F291}
		{FCCC927D-5BB6-4C7A-AB0F-5A2DE1551829} = {FCCC927D-5BB6-4C7A-AB0F-5A2DE1551829}
		{E6460783-692D-45EE-B35B-AFED70E892A9} = {E6460783-692D-45EE-B35B-AFED70E892A9}
		{9526C4AD-2503-4A8C-979B-E56C60F096D1} = {9526C4AD-2503-4A8C-979B-E56C60F096D1}
		{344759B9-71C9-4FDB-AAD3-24792DA175DB} = {344759B9-71C9-4FDB-AAD3-24792DA175DB}
		{B46080D0-CFAD-4D6A-B964-86B0858E742C} = {B46080D0-CFAD-4D6A-B964-86B0858E742C}
		{97443FD3-2F3C-4976-A415-20963CF0FEAF} = {97443FD3-2F3C-4976-A415-20963CF0FEAF}
	EndProjectSection
EndProject
Project("{2150E333-8FDC-42A3-9474-1A3956D46DE8}") = "UnitTests", "UnitTests", "{C7F715FB-5E74-4286-A5FF-26E6EE35A2B9}"
EndProject
Global
	GlobalSection(SolutionConfigurationPlatforms) = preSolution
		Debug|Any CPU = Debug|Any CPU
		Debug|x64 = Debug|x64
		Debug|x86 = Debug|x86
		Release|Any CPU = Release|Any CPU
		Release|x64 = Release|x64
		Release|x86 = Release|x86
	EndGlobalSection
	GlobalSection(ProjectConfigurationPlatforms) = postSolution
		{B46080D0-CFAD-4D6A-B964-86B0858E742C}.Debug|Any CPU.ActiveCfg = Debug|Any CPU
		{B46080D0-CFAD-4D6A-B964-86B0858E742C}.Debug|Any CPU.Build.0 = Debug|Any CPU
		{B46080D0-CFAD-4D6A-B964-86B0858E742C}.Debug|x64.ActiveCfg = Debug|Any CPU
		{B46080D0-CFAD-4D6A-B964-86B0858E742C}.Debug|x64.Build.0 = Debug|Any CPU
		{B46080D0-CFAD-4D6A-B964-86B0858E742C}.Debug|x86.ActiveCfg = Debug|Any CPU
		{B46080D0-CFAD-4D6A-B964-86B0858E742C}.Debug|x86.Build.0 = Debug|Any CPU
		{B46080D0-CFAD-4D6A-B964-86B0858E742C}.Release|Any CPU.ActiveCfg = Release|Any CPU
		{B46080D0-CFAD-4D6A-B964-86B0858E742C}.Release|Any CPU.Build.0 = Release|Any CPU
		{B46080D0-CFAD-4D6A-B964-86B0858E742C}.Release|x64.ActiveCfg = Release|Any CPU
		{B46080D0-CFAD-4D6A-B964-86B0858E742C}.Release|x64.Build.0 = Release|Any CPU
		{B46080D0-CFAD-4D6A-B964-86B0858E742C}.Release|x86.ActiveCfg = Release|Any CPU
		{B46080D0-CFAD-4D6A-B964-86B0858E742C}.Release|x86.Build.0 = Release|Any CPU
		{E6460783-692D-45EE-B35B-AFED70E892A9}.Debug|Any CPU.ActiveCfg = Debug|Any CPU
		{E6460783-692D-45EE-B35B-AFED70E892A9}.Debug|Any CPU.Build.0 = Debug|Any CPU
		{E6460783-692D-45EE-B35B-AFED70E892A9}.Debug|x64.ActiveCfg = Debug|Any CPU
		{E6460783-692D-45EE-B35B-AFED70E892A9}.Debug|x64.Build.0 = Debug|Any CPU
		{E6460783-692D-45EE-B35B-AFED70E892A9}.Debug|x86.ActiveCfg = Debug|Any CPU
		{E6460783-692D-45EE-B35B-AFED70E892A9}.Debug|x86.Build.0 = Debug|Any CPU
		{E6460783-692D-45EE-B35B-AFED70E892A9}.Release|Any CPU.ActiveCfg = Release|Any CPU
		{E6460783-692D-45EE-B35B-AFED70E892A9}.Release|Any CPU.Build.0 = Release|Any CPU
		{E6460783-692D-45EE-B35B-AFED70E892A9}.Release|x64.ActiveCfg = Release|Any CPU
		{E6460783-692D-45EE-B35B-AFED70E892A9}.Release|x64.Build.0 = Release|Any CPU
		{E6460783-692D-45EE-B35B-AFED70E892A9}.Release|x86.ActiveCfg = Release|Any CPU
		{E6460783-692D-45EE-B35B-AFED70E892A9}.Release|x86.Build.0 = Release|Any CPU
		{FCCC927D-5BB6-4C7A-AB0F-5A2DE1551829}.Debug|Any CPU.ActiveCfg = Debug|x86
		{FCCC927D-5BB6-4C7A-AB0F-5A2DE1551829}.Debug|Any CPU.Build.0 = Debug|x86
		{FCCC927D-5BB6-4C7A-AB0F-5A2DE1551829}.Debug|x64.ActiveCfg = Debug|x64
		{FCCC927D-5BB6-4C7A-AB0F-5A2DE1551829}.Debug|x64.Build.0 = Debug|x64
		{FCCC927D-5BB6-4C7A-AB0F-5A2DE1551829}.Debug|x86.ActiveCfg = Debug|x86
		{FCCC927D-5BB6-4C7A-AB0F-5A2DE1551829}.Debug|x86.Build.0 = Debug|x86
		{FCCC927D-5BB6-4C7A-AB0F-5A2DE1551829}.Release|Any CPU.ActiveCfg = Release|x86
		{FCCC927D-5BB6-4C7A-AB0F-5A2DE1551829}.Release|Any CPU.Build.0 = Release|x86
		{FCCC927D-5BB6-4C7A-AB0F-5A2DE1551829}.Release|x64.ActiveCfg = Release|x64
		{FCCC927D-5BB6-4C7A-AB0F-5A2DE1551829}.Release|x64.Build.0 = Release|x64
		{FCCC927D-5BB6-4C7A-AB0F-5A2DE1551829}.Release|x86.ActiveCfg = Release|x86
		{FCCC927D-5BB6-4C7A-AB0F-5A2DE1551829}.Release|x86.Build.0 = Release|x86
		{0FA42475-8E6C-440F-A3A8-C58A26E8F291}.Debug|Any CPU.ActiveCfg = Debug|Any CPU
		{0FA42475-8E6C-440F-A3A8-C58A26E8F291}.Debug|Any CPU.Build.0 = Debug|Any CPU
		{0FA42475-8E6C-440F-A3A8-C58A26E8F291}.Debug|x64.ActiveCfg = Debug|Any CPU
		{0FA42475-8E6C-440F-A3A8-C58A26E8F291}.Debug|x64.Build.0 = Debug|Any CPU
		{0FA42475-8E6C-440F-A3A8-C58A26E8F291}.Debug|x86.ActiveCfg = Debug|Any CPU
		{0FA42475-8E6C-440F-A3A8-C58A26E8F291}.Debug|x86.Build.0 = Debug|Any CPU
		{0FA42475-8E6C-440F-A3A8-C58A26E8F291}.Release|Any CPU.ActiveCfg = Release|Any CPU
		{0FA42475-8E6C-440F-A3A8-C58A26E8F291}.Release|Any CPU.Build.0 = Release|Any CPU
		{0FA42475-8E6C-440F-A3A8-C58A26E8F291}.Release|x64.ActiveCfg = Release|Any CPU
		{0FA42475-8E6C-440F-A3A8-C58A26E8F291}.Release|x64.Build.0 = Release|Any CPU
		{0FA42475-8E6C-440F-A3A8-C58A26E8F291}.Release|x86.ActiveCfg = Release|Any CPU
		{0FA42475-8E6C-440F-A3A8-C58A26E8F291}.Release|x86.Build.0 = Release|Any CPU
		{901901D1-16DA-4695-9FD4-E8839DB30203}.Debug|Any CPU.ActiveCfg = Debug|Any CPU
		{901901D1-16DA-4695-9FD4-E8839DB30203}.Debug|Any CPU.Build.0 = Debug|Any CPU
		{901901D1-16DA-4695-9FD4-E8839DB30203}.Debug|x64.ActiveCfg = Debug|Any CPU
		{901901D1-16DA-4695-9FD4-E8839DB30203}.Debug|x64.Build.0 = Debug|Any CPU
		{901901D1-16DA-4695-9FD4-E8839DB30203}.Debug|x86.ActiveCfg = Debug|Any CPU
		{901901D1-16DA-4695-9FD4-E8839DB30203}.Debug|x86.Build.0 = Debug|Any CPU
		{901901D1-16DA-4695-9FD4-E8839DB30203}.Release|Any CPU.ActiveCfg = Release|Any CPU
		{901901D1-16DA-4695-9FD4-E8839DB30203}.Release|Any CPU.Build.0 = Release|Any CPU
		{901901D1-16DA-4695-9FD4-E8839DB30203}.Release|x64.ActiveCfg = Release|Any CPU
		{901901D1-16DA-4695-9FD4-E8839DB30203}.Release|x64.Build.0 = Release|Any CPU
		{901901D1-16DA-4695-9FD4-E8839DB30203}.Release|x86.ActiveCfg = Release|Any CPU
		{901901D1-16DA-4695-9FD4-E8839DB30203}.Release|x86.Build.0 = Release|Any CPU
		{C0B028BF-39F8-4930-A4EA-5001946C362B}.Debug|Any CPU.ActiveCfg = Debug|x86
		{C0B028BF-39F8-4930-A4EA-5001946C362B}.Debug|Any CPU.Build.0 = Debug|x86
		{C0B028BF-39F8-4930-A4EA-5001946C362B}.Debug|x64.ActiveCfg = Debug|x64
		{C0B028BF-39F8-4930-A4EA-5001946C362B}.Debug|x64.Build.0 = Debug|x64
		{C0B028BF-39F8-4930-A4EA-5001946C362B}.Debug|x86.ActiveCfg = Debug|x86
		{C0B028BF-39F8-4930-A4EA-5001946C362B}.Debug|x86.Build.0 = Debug|x86
		{C0B028BF-39F8-4930-A4EA-5001946C362B}.Release|Any CPU.ActiveCfg = Release|x86
		{C0B028BF-39F8-4930-A4EA-5001946C362B}.Release|Any CPU.Build.0 = Release|x86
		{C0B028BF-39F8-4930-A4EA-5001946C362B}.Release|x64.ActiveCfg = Release|x64
		{C0B028BF-39F8-4930-A4EA-5001946C362B}.Release|x64.Build.0 = Release|x64
		{C0B028BF-39F8-4930-A4EA-5001946C362B}.Release|x86.ActiveCfg = Release|x86
		{C0B028BF-39F8-4930-A4EA-5001946C362B}.Release|x86.Build.0 = Release|x86
		{80FFAF27-6123-47C3-AE21-127B1792D58D}.Debug|Any CPU.ActiveCfg = Debug|Any CPU
		{80FFAF27-6123-47C3-AE21-127B1792D58D}.Debug|Any CPU.Build.0 = Debug|Any CPU
		{80FFAF27-6123-47C3-AE21-127B1792D58D}.Debug|x64.ActiveCfg = Debug|Any CPU
		{80FFAF27-6123-47C3-AE21-127B1792D58D}.Debug|x64.Build.0 = Debug|Any CPU
		{80FFAF27-6123-47C3-AE21-127B1792D58D}.Debug|x86.ActiveCfg = Debug|Any CPU
		{80FFAF27-6123-47C3-AE21-127B1792D58D}.Debug|x86.Build.0 = Debug|Any CPU
		{80FFAF27-6123-47C3-AE21-127B1792D58D}.Release|Any CPU.ActiveCfg = Release|Any CPU
		{80FFAF27-6123-47C3-AE21-127B1792D58D}.Release|Any CPU.Build.0 = Release|Any CPU
		{80FFAF27-6123-47C3-AE21-127B1792D58D}.Release|x64.ActiveCfg = Release|Any CPU
		{80FFAF27-6123-47C3-AE21-127B1792D58D}.Release|x64.Build.0 = Release|Any CPU
		{80FFAF27-6123-47C3-AE21-127B1792D58D}.Release|x86.ActiveCfg = Release|Any CPU
		{80FFAF27-6123-47C3-AE21-127B1792D58D}.Release|x86.Build.0 = Release|Any CPU
		{02A6DF02-B077-4AB3-8741-CED5CBD7D53B}.Debug|Any CPU.ActiveCfg = Debug|Any CPU
		{02A6DF02-B077-4AB3-8741-CED5CBD7D53B}.Debug|Any CPU.Build.0 = Debug|Any CPU
		{02A6DF02-B077-4AB3-8741-CED5CBD7D53B}.Debug|x64.ActiveCfg = Debug|Any CPU
		{02A6DF02-B077-4AB3-8741-CED5CBD7D53B}.Debug|x64.Build.0 = Debug|Any CPU
		{02A6DF02-B077-4AB3-8741-CED5CBD7D53B}.Debug|x86.ActiveCfg = Debug|Any CPU
		{02A6DF02-B077-4AB3-8741-CED5CBD7D53B}.Debug|x86.Build.0 = Debug|Any CPU
		{02A6DF02-B077-4AB3-8741-CED5CBD7D53B}.Release|Any CPU.ActiveCfg = Release|Any CPU
		{02A6DF02-B077-4AB3-8741-CED5CBD7D53B}.Release|Any CPU.Build.0 = Release|Any CPU
		{02A6DF02-B077-4AB3-8741-CED5CBD7D53B}.Release|x64.ActiveCfg = Release|Any CPU
		{02A6DF02-B077-4AB3-8741-CED5CBD7D53B}.Release|x64.Build.0 = Release|Any CPU
		{02A6DF02-B077-4AB3-8741-CED5CBD7D53B}.Release|x86.ActiveCfg = Release|Any CPU
		{02A6DF02-B077-4AB3-8741-CED5CBD7D53B}.Release|x86.Build.0 = Release|Any CPU
		{94114FB4-458F-4B4E-80FB-149DC4BF9CE0}.Debug|Any CPU.ActiveCfg = Debug|Any CPU
		{94114FB4-458F-4B4E-80FB-149DC4BF9CE0}.Debug|Any CPU.Build.0 = Debug|Any CPU
		{94114FB4-458F-4B4E-80FB-149DC4BF9CE0}.Debug|x64.ActiveCfg = Debug|Any CPU
		{94114FB4-458F-4B4E-80FB-149DC4BF9CE0}.Debug|x64.Build.0 = Debug|Any CPU
		{94114FB4-458F-4B4E-80FB-149DC4BF9CE0}.Debug|x86.ActiveCfg = Debug|Any CPU
		{94114FB4-458F-4B4E-80FB-149DC4BF9CE0}.Debug|x86.Build.0 = Debug|Any CPU
		{94114FB4-458F-4B4E-80FB-149DC4BF9CE0}.Release|Any CPU.ActiveCfg = Release|Any CPU
		{94114FB4-458F-4B4E-80FB-149DC4BF9CE0}.Release|Any CPU.Build.0 = Release|Any CPU
		{94114FB4-458F-4B4E-80FB-149DC4BF9CE0}.Release|x64.ActiveCfg = Release|Any CPU
		{94114FB4-458F-4B4E-80FB-149DC4BF9CE0}.Release|x64.Build.0 = Release|Any CPU
		{94114FB4-458F-4B4E-80FB-149DC4BF9CE0}.Release|x86.ActiveCfg = Release|Any CPU
		{94114FB4-458F-4B4E-80FB-149DC4BF9CE0}.Release|x86.Build.0 = Release|Any CPU
		{474B2809-E15A-4559-AB62-7658C157E9D0}.Debug|Any CPU.ActiveCfg = Debug|Any CPU
		{474B2809-E15A-4559-AB62-7658C157E9D0}.Debug|Any CPU.Build.0 = Debug|Any CPU
		{474B2809-E15A-4559-AB62-7658C157E9D0}.Debug|x64.ActiveCfg = Debug|Any CPU
		{474B2809-E15A-4559-AB62-7658C157E9D0}.Debug|x64.Build.0 = Debug|Any CPU
		{474B2809-E15A-4559-AB62-7658C157E9D0}.Debug|x86.ActiveCfg = Debug|Any CPU
		{474B2809-E15A-4559-AB62-7658C157E9D0}.Debug|x86.Build.0 = Debug|Any CPU
		{474B2809-E15A-4559-AB62-7658C157E9D0}.Release|Any CPU.ActiveCfg = Release|Any CPU
		{474B2809-E15A-4559-AB62-7658C157E9D0}.Release|Any CPU.Build.0 = Release|Any CPU
		{474B2809-E15A-4559-AB62-7658C157E9D0}.Release|x64.ActiveCfg = Release|Any CPU
		{474B2809-E15A-4559-AB62-7658C157E9D0}.Release|x64.Build.0 = Release|Any CPU
		{474B2809-E15A-4559-AB62-7658C157E9D0}.Release|x86.ActiveCfg = Release|Any CPU
		{474B2809-E15A-4559-AB62-7658C157E9D0}.Release|x86.Build.0 = Release|Any CPU
		{97443FD3-2F3C-4976-A415-20963CF0FEAF}.Debug|Any CPU.ActiveCfg = Debug|Any CPU
		{97443FD3-2F3C-4976-A415-20963CF0FEAF}.Debug|Any CPU.Build.0 = Debug|Any CPU
		{97443FD3-2F3C-4976-A415-20963CF0FEAF}.Debug|x64.ActiveCfg = Debug|Any CPU
		{97443FD3-2F3C-4976-A415-20963CF0FEAF}.Debug|x64.Build.0 = Debug|Any CPU
		{97443FD3-2F3C-4976-A415-20963CF0FEAF}.Debug|x86.ActiveCfg = Debug|Any CPU
		{97443FD3-2F3C-4976-A415-20963CF0FEAF}.Debug|x86.Build.0 = Debug|Any CPU
		{97443FD3-2F3C-4976-A415-20963CF0FEAF}.Release|Any CPU.ActiveCfg = Release|Any CPU
		{97443FD3-2F3C-4976-A415-20963CF0FEAF}.Release|Any CPU.Build.0 = Release|Any CPU
		{97443FD3-2F3C-4976-A415-20963CF0FEAF}.Release|x64.ActiveCfg = Release|Any CPU
		{97443FD3-2F3C-4976-A415-20963CF0FEAF}.Release|x64.Build.0 = Release|Any CPU
		{97443FD3-2F3C-4976-A415-20963CF0FEAF}.Release|x86.ActiveCfg = Release|Any CPU
		{97443FD3-2F3C-4976-A415-20963CF0FEAF}.Release|x86.Build.0 = Release|Any CPU
		{B32DDB6B-E503-49FE-A93B-0249C3147BF2}.Debug|Any CPU.ActiveCfg = Debug|Any CPU
		{B32DDB6B-E503-49FE-A93B-0249C3147BF2}.Debug|Any CPU.Build.0 = Debug|Any CPU
		{B32DDB6B-E503-49FE-A93B-0249C3147BF2}.Debug|x64.ActiveCfg = Debug|Any CPU
		{B32DDB6B-E503-49FE-A93B-0249C3147BF2}.Debug|x64.Build.0 = Debug|Any CPU
		{B32DDB6B-E503-49FE-A93B-0249C3147BF2}.Debug|x86.ActiveCfg = Debug|Any CPU
		{B32DDB6B-E503-49FE-A93B-0249C3147BF2}.Debug|x86.Build.0 = Debug|Any CPU
		{B32DDB6B-E503-49FE-A93B-0249C3147BF2}.Release|Any CPU.ActiveCfg = Release|Any CPU
		{B32DDB6B-E503-49FE-A93B-0249C3147BF2}.Release|Any CPU.Build.0 = Release|Any CPU
		{B32DDB6B-E503-49FE-A93B-0249C3147BF2}.Release|x64.ActiveCfg = Release|Any CPU
		{B32DDB6B-E503-49FE-A93B-0249C3147BF2}.Release|x64.Build.0 = Release|Any CPU
		{B32DDB6B-E503-49FE-A93B-0249C3147BF2}.Release|x86.ActiveCfg = Release|Any CPU
		{B32DDB6B-E503-49FE-A93B-0249C3147BF2}.Release|x86.Build.0 = Release|Any CPU
		{24F2FABC-FEBF-4F94-988F-9A856DADEC1A}.Debug|Any CPU.ActiveCfg = Debug|Any CPU
		{24F2FABC-FEBF-4F94-988F-9A856DADEC1A}.Debug|Any CPU.Build.0 = Debug|Any CPU
		{24F2FABC-FEBF-4F94-988F-9A856DADEC1A}.Debug|x64.ActiveCfg = Debug|Any CPU
		{24F2FABC-FEBF-4F94-988F-9A856DADEC1A}.Debug|x64.Build.0 = Debug|Any CPU
		{24F2FABC-FEBF-4F94-988F-9A856DADEC1A}.Debug|x86.ActiveCfg = Debug|Any CPU
		{24F2FABC-FEBF-4F94-988F-9A856DADEC1A}.Debug|x86.Build.0 = Debug|Any CPU
		{24F2FABC-FEBF-4F94-988F-9A856DADEC1A}.Release|Any CPU.ActiveCfg = Release|Any CPU
		{24F2FABC-FEBF-4F94-988F-9A856DADEC1A}.Release|Any CPU.Build.0 = Release|Any CPU
		{24F2FABC-FEBF-4F94-988F-9A856DADEC1A}.Release|x64.ActiveCfg = Release|Any CPU
		{24F2FABC-FEBF-4F94-988F-9A856DADEC1A}.Release|x64.Build.0 = Release|Any CPU
		{24F2FABC-FEBF-4F94-988F-9A856DADEC1A}.Release|x86.ActiveCfg = Release|Any CPU
		{24F2FABC-FEBF-4F94-988F-9A856DADEC1A}.Release|x86.Build.0 = Release|Any CPU
		{344759B9-71C9-4FDB-AAD3-24792DA175DB}.Debug|Any CPU.ActiveCfg = Debug|Any CPU
		{344759B9-71C9-4FDB-AAD3-24792DA175DB}.Debug|Any CPU.Build.0 = Debug|Any CPU
		{344759B9-71C9-4FDB-AAD3-24792DA175DB}.Debug|x64.ActiveCfg = Debug|Any CPU
		{344759B9-71C9-4FDB-AAD3-24792DA175DB}.Debug|x64.Build.0 = Debug|Any CPU
		{344759B9-71C9-4FDB-AAD3-24792DA175DB}.Debug|x86.ActiveCfg = Debug|Any CPU
		{344759B9-71C9-4FDB-AAD3-24792DA175DB}.Debug|x86.Build.0 = Debug|Any CPU
		{344759B9-71C9-4FDB-AAD3-24792DA175DB}.Release|Any CPU.ActiveCfg = Release|Any CPU
		{344759B9-71C9-4FDB-AAD3-24792DA175DB}.Release|Any CPU.Build.0 = Release|Any CPU
		{344759B9-71C9-4FDB-AAD3-24792DA175DB}.Release|x64.ActiveCfg = Release|Any CPU
		{344759B9-71C9-4FDB-AAD3-24792DA175DB}.Release|x64.Build.0 = Release|Any CPU
		{344759B9-71C9-4FDB-AAD3-24792DA175DB}.Release|x86.ActiveCfg = Release|Any CPU
		{344759B9-71C9-4FDB-AAD3-24792DA175DB}.Release|x86.Build.0 = Release|Any CPU
		{9526C4AD-2503-4A8C-979B-E56C60F096D1}.Debug|Any CPU.ActiveCfg = Debug|Any CPU
		{9526C4AD-2503-4A8C-979B-E56C60F096D1}.Debug|Any CPU.Build.0 = Debug|Any CPU
		{9526C4AD-2503-4A8C-979B-E56C60F096D1}.Debug|x64.ActiveCfg = Debug|Any CPU
		{9526C4AD-2503-4A8C-979B-E56C60F096D1}.Debug|x64.Build.0 = Debug|Any CPU
		{9526C4AD-2503-4A8C-979B-E56C60F096D1}.Debug|x86.ActiveCfg = Debug|Any CPU
		{9526C4AD-2503-4A8C-979B-E56C60F096D1}.Debug|x86.Build.0 = Debug|Any CPU
		{9526C4AD-2503-4A8C-979B-E56C60F096D1}.Release|Any CPU.ActiveCfg = Release|Any CPU
		{9526C4AD-2503-4A8C-979B-E56C60F096D1}.Release|Any CPU.Build.0 = Release|Any CPU
		{9526C4AD-2503-4A8C-979B-E56C60F096D1}.Release|x64.ActiveCfg = Release|Any CPU
		{9526C4AD-2503-4A8C-979B-E56C60F096D1}.Release|x64.Build.0 = Release|Any CPU
		{9526C4AD-2503-4A8C-979B-E56C60F096D1}.Release|x86.ActiveCfg = Release|Any CPU
		{9526C4AD-2503-4A8C-979B-E56C60F096D1}.Release|x86.Build.0 = Release|Any CPU
		{C3A1D0BA-1610-4ABA-94AC-C270D6A6C7BB}.Debug|Any CPU.ActiveCfg = Debug|Any CPU
		{C3A1D0BA-1610-4ABA-94AC-C270D6A6C7BB}.Debug|Any CPU.Build.0 = Debug|Any CPU
		{C3A1D0BA-1610-4ABA-94AC-C270D6A6C7BB}.Debug|x64.ActiveCfg = Debug|Any CPU
		{C3A1D0BA-1610-4ABA-94AC-C270D6A6C7BB}.Debug|x64.Build.0 = Debug|Any CPU
		{C3A1D0BA-1610-4ABA-94AC-C270D6A6C7BB}.Debug|x86.ActiveCfg = Debug|Any CPU
		{C3A1D0BA-1610-4ABA-94AC-C270D6A6C7BB}.Debug|x86.Build.0 = Debug|Any CPU
		{C3A1D0BA-1610-4ABA-94AC-C270D6A6C7BB}.Release|Any CPU.ActiveCfg = Release|Any CPU
		{C3A1D0BA-1610-4ABA-94AC-C270D6A6C7BB}.Release|Any CPU.Build.0 = Release|Any CPU
		{C3A1D0BA-1610-4ABA-94AC-C270D6A6C7BB}.Release|x64.ActiveCfg = Release|Any CPU
		{C3A1D0BA-1610-4ABA-94AC-C270D6A6C7BB}.Release|x64.Build.0 = Release|Any CPU
		{C3A1D0BA-1610-4ABA-94AC-C270D6A6C7BB}.Release|x86.ActiveCfg = Release|Any CPU
		{C3A1D0BA-1610-4ABA-94AC-C270D6A6C7BB}.Release|x86.Build.0 = Release|Any CPU
	EndGlobalSection
	GlobalSection(SolutionProperties) = preSolution
		HideSolutionNode = FALSE
	EndGlobalSection
	GlobalSection(NestedProjects) = preSolution
		{901901D1-16DA-4695-9FD4-E8839DB30203} = {096DD8EB-7390-4263-B350-959266429AE8}
		{C0B028BF-39F8-4930-A4EA-5001946C362B} = {096DD8EB-7390-4263-B350-959266429AE8}
		{80FFAF27-6123-47C3-AE21-127B1792D58D} = {096DD8EB-7390-4263-B350-959266429AE8}
		{02A6DF02-B077-4AB3-8741-CED5CBD7D53B} = {7B9738D6-6320-49BD-B8FE-D18C3FA04738}
		{096DD8EB-7390-4263-B350-959266429AE8} = {5F180495-79AC-45A8-B22F-21A130A41A90}
		{7B9738D6-6320-49BD-B8FE-D18C3FA04738} = {5F180495-79AC-45A8-B22F-21A130A41A90}
		{94114FB4-458F-4B4E-80FB-149DC4BF9CE0} = {7B9738D6-6320-49BD-B8FE-D18C3FA04738}
		{474B2809-E15A-4559-AB62-7658C157E9D0} = {7B9738D6-6320-49BD-B8FE-D18C3FA04738}
		{24F2FABC-FEBF-4F94-988F-9A856DADEC1A} = {7B9738D6-6320-49BD-B8FE-D18C3FA04738}
		{C3A1D0BA-1610-4ABA-94AC-C270D6A6C7BB} = {C7F715FB-5E74-4286-A5FF-26E6EE35A2B9}
	EndGlobalSection
	GlobalSection(ExtensibilityGlobals) = postSolution
		SolutionGuid = {E38DDC7B-B2F7-444F-9025-F12740D457BE}
	EndGlobalSection
EndGlobal
